
Microsoft Visual Studio Solution File, Format Version 12.00
# Visual Studio 15
VisualStudioVersion = 15.0.27428.2037
MinimumVisualStudioVersion = 10.0.40219.1
Project("{FAE04EC0-301F-11D3-BF4B-00C04F79EFBC}") = "BookingSystem", "BookingSystem\BookingSystem.csproj", "{73A3421A-9FBB-4439-AEB9-2F2CE8E79217}"
EndProject
Project("{FAE04EC0-301F-11D3-BF4B-00C04F79EFBC}") = "BookingSystem.Tests", "BookingSystem.Tests\BookingSystem.Tests.csproj", "{D17F1246-6004-446E-A671-6E861C0A80C1}"
EndProject
Global
	GlobalSection(SolutionConfigurationPlatforms) = preSolution
		Debug|Any CPU = Debug|Any CPU
		Release|Any CPU = Release|Any CPU
	EndGlobalSection
	GlobalSection(ProjectConfigurationPlatforms) = postSolution
		{73A3421A-9FBB-4439-AEB9-2F2CE8E79217}.Debug|Any CPU.ActiveCfg = Debug|Any CPU
		{73A3421A-9FBB-4439-AEB9-2F2CE8E79217}.Debug|Any CPU.Build.0 = Debug|Any CPU
		{73A3421A-9FBB-4439-AEB9-2F2CE8E79217}.Release|Any CPU.ActiveCfg = Release|Any CPU
		{73A3421A-9FBB-4439-AEB9-2F2CE8E79217}.Release|Any CPU.Build.0 = Release|Any CPU
		{D17F1246-6004-446E-A671-6E861C0A80C1}.Debug|Any CPU.ActiveCfg = Debug|Any CPU
		{D17F1246-6004-446E-A671-6E861C0A80C1}.Debug|Any CPU.Build.0 = Debug|Any CPU
		{D17F1246-6004-446E-A671-6E861C0A80C1}.Release|Any CPU.ActiveCfg = Release|Any CPU
		{D17F1246-6004-446E-A671-6E861C0A80C1}.Release|Any CPU.Build.0 = Release|Any CPU
	EndGlobalSection
	GlobalSection(SolutionProperties) = preSolution
		HideSolutionNode = FALSE
	EndGlobalSection
	GlobalSection(ExtensibilityGlobals) = postSolution
		SolutionGuid = {97EDBCA6-F961-4398-963D-F2BB311A2F8D}
	EndGlobalSection
EndGlobal
